// !$*UTF8*$!
{
	archiveVersion = 1;
	classes = {
	};
	objectVersion = 50;
	objects = {

/* Begin PBXBuildFile section */
		5C0F7F55239420B6009D87A2 /* PumpCalibrator.cpp in Sources */ = {isa = PBXBuildFile; fileRef = 5C0F7F53239420B6009D87A2 /* PumpCalibrator.cpp */; };
		5C46A4482365E195003D90B1 /* main.cpp in Sources */ = {isa = PBXBuildFile; fileRef = 5C46A4472365E195003D90B1 /* main.cpp */; };
		5C46A4562365E518003D90B1 /* I2CMemoryManager.cpp in Sources */ = {isa = PBXBuildFile; fileRef = 5C46A4542365E518003D90B1 /* I2CMemoryManager.cpp */; };
		5C46A45F2365F37E003D90B1 /* Wire.cpp in Sources */ = {isa = PBXBuildFile; fileRef = 5C46A45B2365F37E003D90B1 /* Wire.cpp */; };
		5C46A4602365F37E003D90B1 /* LiquidCrystal.cpp in Sources */ = {isa = PBXBuildFile; fileRef = 5C46A45E2365F37E003D90B1 /* LiquidCrystal.cpp */; };
		5C46A46523662ADC003D90B1 /* EngineController.cpp in Sources */ = {isa = PBXBuildFile; fileRef = 5C46A46323662ADC003D90B1 /* EngineController.cpp */; };
		5C46A46723662F1F003D90B1 /* Arduino.cpp in Sources */ = {isa = PBXBuildFile; fileRef = 5C46A46623662F1F003D90B1 /* Arduino.cpp */; };
		5C8EAE1E236EE388000E6D70 /* KeyboardManager.cpp in Sources */ = {isa = PBXBuildFile; fileRef = 5C8EAE1C236EE388000E6D70 /* KeyboardManager.cpp */; };
		5C9D06C023677448007469EB /* PumpController.cpp in Sources */ = {isa = PBXBuildFile; fileRef = 5C9D06BE23677448007469EB /* PumpController.cpp */; };
		5C9D06C3236786CC007469EB /* Orchestrator.cpp in Sources */ = {isa = PBXBuildFile; fileRef = 5C9D06C1236786CC007469EB /* Orchestrator.cpp */; };
		5CAFC7562378665600F01130 /* MenuController.cpp in Sources */ = {isa = PBXBuildFile; fileRef = 5CAFC7542378665600F01130 /* MenuController.cpp */; };
/* End PBXBuildFile section */

/* Begin PBXCopyFilesBuildPhase section */
		5C46A4422365E195003D90B1 /* CopyFiles */ = {
			isa = PBXCopyFilesBuildPhase;
			buildActionMask = 2147483647;
			dstPath = /usr/share/man/man1/;
			dstSubfolderSpec = 0;
			files = (
			);
			runOnlyForDeploymentPostprocessing = 1;
		};
/* End PBXCopyFilesBuildPhase section */

/* Begin PBXFileReference section */
		5C0F7F53239420B6009D87A2 /* PumpCalibrator.cpp */ = {isa = PBXFileReference; lastKnownFileType = sourcecode.cpp.cpp; path = PumpCalibrator.cpp; sourceTree = "<group>"; };
		5C0F7F54239420B6009D87A2 /* PumpCalibrator.h */ = {isa = PBXFileReference; lastKnownFileType = sourcecode.c.h; path = PumpCalibrator.h; sourceTree = "<group>"; };
		5C2A2BA5237F22420041914E /* KeyPressable.h */ = {isa = PBXFileReference; lastKnownFileType = sourcecode.c.h; path = KeyPressable.h; sourceTree = "<group>"; };
		5C46A4442365E195003D90B1 /* ArduinoPumpCpp */ = {isa = PBXFileReference; explicitFileType = "compiled.mach-o.executable"; includeInIndex = 0; path = ArduinoPumpCpp; sourceTree = BUILT_PRODUCTS_DIR; };
		5C46A4472365E195003D90B1 /* main.cpp */ = {isa = PBXFileReference; lastKnownFileType = sourcecode.cpp.cpp; path = main.cpp; sourceTree = "<group>"; };
		5C46A4532365E344003D90B1 /* Arduino.h */ = {isa = PBXFileReference; lastKnownFileType = sourcecode.c.h; path = Arduino.h; sourceTree = "<group>"; };
		5C46A4542365E518003D90B1 /* I2CMemoryManager.cpp */ = {isa = PBXFileReference; lastKnownFileType = sourcecode.cpp.cpp; path = I2CMemoryManager.cpp; sourceTree = "<group>"; };
		5C46A4552365E518003D90B1 /* I2CMemoryManager.h */ = {isa = PBXFileReference; lastKnownFileType = sourcecode.c.h; path = I2CMemoryManager.h; sourceTree = "<group>"; };
		5C46A4592365F37E003D90B1 /* Wire.h */ = {isa = PBXFileReference; fileEncoding = 4; lastKnownFileType = sourcecode.c.h; path = Wire.h; sourceTree = "<group>"; };
		5C46A45A2365F37E003D90B1 /* inttypes.h */ = {isa = PBXFileReference; fileEncoding = 4; lastKnownFileType = sourcecode.c.h; path = inttypes.h; sourceTree = "<group>"; };
		5C46A45B2365F37E003D90B1 /* Wire.cpp */ = {isa = PBXFileReference; fileEncoding = 4; lastKnownFileType = sourcecode.cpp.cpp; path = Wire.cpp; sourceTree = "<group>"; };
		5C46A45D2365F37E003D90B1 /* LiquidCrystal.h */ = {isa = PBXFileReference; fileEncoding = 4; lastKnownFileType = sourcecode.c.h; path = LiquidCrystal.h; sourceTree = "<group>"; };
		5C46A45E2365F37E003D90B1 /* LiquidCrystal.cpp */ = {isa = PBXFileReference; fileEncoding = 4; lastKnownFileType = sourcecode.cpp.cpp; path = LiquidCrystal.cpp; sourceTree = "<group>"; };
		5C46A4612366121C003D90B1 /* Definitions.h */ = {isa = PBXFileReference; lastKnownFileType = sourcecode.c.h; path = Definitions.h; sourceTree = "<group>"; };
		5C46A46323662ADC003D90B1 /* EngineController.cpp */ = {isa = PBXFileReference; lastKnownFileType = sourcecode.cpp.cpp; path = EngineController.cpp; sourceTree = "<group>"; };
		5C46A46423662ADC003D90B1 /* EngineController.h */ = {isa = PBXFileReference; lastKnownFileType = sourcecode.c.h; path = EngineController.h; sourceTree = "<group>"; };
		5C46A46623662F1F003D90B1 /* Arduino.cpp */ = {isa = PBXFileReference; lastKnownFileType = sourcecode.cpp.cpp; name = Arduino.cpp; path = ArduinoPumbCpp/Libs/Arduino.cpp; sourceTree = SOURCE_ROOT; };
		5C8EAE1C236EE388000E6D70 /* KeyboardManager.cpp */ = {isa = PBXFileReference; lastKnownFileType = sourcecode.cpp.cpp; path = KeyboardManager.cpp; sourceTree = "<group>"; };
		5C8EAE1D236EE388000E6D70 /* KeyboardManager.h */ = {isa = PBXFileReference; lastKnownFileType = sourcecode.c.h; path = KeyboardManager.h; sourceTree = "<group>"; };
		5C8EAE23236EE4D9000E6D70 /* LoopInterface.h */ = {isa = PBXFileReference; lastKnownFileType = sourcecode.c.h; path = LoopInterface.h; sourceTree = "<group>"; };
		5C9D06BE23677448007469EB /* PumpController.cpp */ = {isa = PBXFileReference; lastKnownFileType = sourcecode.cpp.cpp; path = PumpController.cpp; sourceTree = "<group>"; };
		5C9D06BF23677448007469EB /* PumpController.h */ = {isa = PBXFileReference; lastKnownFileType = sourcecode.c.h; path = PumpController.h; sourceTree = "<group>"; };
		5C9D06C1236786CC007469EB /* Orchestrator.cpp */ = {isa = PBXFileReference; lastKnownFileType = sourcecode.cpp.cpp; path = Orchestrator.cpp; sourceTree = "<group>"; };
		5C9D06C2236786CC007469EB /* Orchestrator.h */ = {isa = PBXFileReference; lastKnownFileType = sourcecode.c.h; path = Orchestrator.h; sourceTree = "<group>"; };
		5CAFC7542378665600F01130 /* MenuController.cpp */ = {isa = PBXFileReference; lastKnownFileType = sourcecode.cpp.cpp; path = MenuController.cpp; sourceTree = "<group>"; };
		5CAFC7552378665600F01130 /* MenuController.h */ = {isa = PBXFileReference; lastKnownFileType = sourcecode.c.h; path = MenuController.h; sourceTree = "<group>"; };
/* End PBXFileReference section */

/* Begin PBXFrameworksBuildPhase section */
		5C46A4412365E195003D90B1 /* Frameworks */ = {
			isa = PBXFrameworksBuildPhase;
			buildActionMask = 2147483647;
			files = (
			);
			runOnlyForDeploymentPostprocessing = 0;
		};
/* End PBXFrameworksBuildPhase section */

/* Begin PBXGroup section */
		5C0F7F57239420E5009D87A2 /* PumpCalibrator */ = {
			isa = PBXGroup;
			children = (
				5C0F7F54239420B6009D87A2 /* PumpCalibrator.h */,
				5C0F7F53239420B6009D87A2 /* PumpCalibrator.cpp */,
			);
			path = PumpCalibrator;
			sourceTree = "<group>";
		};
		5C46A43B2365E195003D90B1 = {
			isa = PBXGroup;
			children = (
				5C46A4462365E195003D90B1 /* ArduinoPumbCpp */,
				5C46A4452365E195003D90B1 /* Products */,
			);
			sourceTree = "<group>";
		};
		5C46A4452365E195003D90B1 /* Products */ = {
			isa = PBXGroup;
			children = (
				5C46A4442365E195003D90B1 /* ArduinoPumpCpp */,
			);
			name = Products;
			sourceTree = "<group>";
		};
		5C46A4462365E195003D90B1 /* ArduinoPumbCpp */ = {
			isa = PBXGroup;
			children = (
				5C46A4472365E195003D90B1 /* main.cpp */,
				5C8EAE24236EE4EC000E6D70 /* PumpController */,
				5C46A4572365F37E003D90B1 /* Libs */,
			);
			path = ArduinoPumbCpp;
			sourceTree = "<group>";
		};
		5C46A4572365F37E003D90B1 /* Libs */ = {
			isa = PBXGroup;
			children = (
				5C46A4532365E344003D90B1 /* Arduino.h */,
				5C46A46623662F1F003D90B1 /* Arduino.cpp */,
				5C46A4582365F37E003D90B1 /* Wire */,
				5C46A45C2365F37E003D90B1 /* LiquidCrystal */,
			);
			path = Libs;
			sourceTree = "<group>";
		};
		5C46A4582365F37E003D90B1 /* Wire */ = {
			isa = PBXGroup;
			children = (
				5C46A4592365F37E003D90B1 /* Wire.h */,
				5C46A45A2365F37E003D90B1 /* inttypes.h */,
				5C46A45B2365F37E003D90B1 /* Wire.cpp */,
			);
			path = Wire;
			sourceTree = "<group>";
		};
		5C46A45C2365F37E003D90B1 /* LiquidCrystal */ = {
			isa = PBXGroup;
			children = (
				5C46A45D2365F37E003D90B1 /* LiquidCrystal.h */,
				5C46A45E2365F37E003D90B1 /* LiquidCrystal.cpp */,
			);
			path = LiquidCrystal;
			sourceTree = "<group>";
		};
		5C46A46223661454003D90B1 /* I2CMemoryManager */ = {
			isa = PBXGroup;
			children = (
				5C46A4552365E518003D90B1 /* I2CMemoryManager.h */,
				5C46A4542365E518003D90B1 /* I2CMemoryManager.cpp */,
			);
			path = I2CMemoryManager;
			sourceTree = "<group>";
		};
		5C8EAE1F236EE392000E6D70 /* KeyboardManager */ = {
			isa = PBXGroup;
			children = (
				5C8EAE1D236EE388000E6D70 /* KeyboardManager.h */,
				5C8EAE1C236EE388000E6D70 /* KeyboardManager.cpp */,
			);
			path = KeyboardManager;
			sourceTree = "<group>";
		};
		5C8EAE20236EE3A5000E6D70 /* Processor */ = {
			isa = PBXGroup;
			children = (
				5C9D06C2236786CC007469EB /* Orchestrator.h */,
				5C9D06C1236786CC007469EB /* Orchestrator.cpp */,
			);
			path = Processor;
			sourceTree = "<group>";
		};
		5C8EAE21236EE3B5000E6D70 /* EngineController */ = {
			isa = PBXGroup;
			children = (
				5C46A46423662ADC003D90B1 /* EngineController.h */,
				5C46A46323662ADC003D90B1 /* EngineController.cpp */,
			);
			path = EngineController;
			sourceTree = "<group>";
		};
		5C8EAE22236EE3C0000E6D70 /* PumpController */ = {
			isa = PBXGroup;
			children = (
				5C46A46223661454003D90B1 /* I2CMemoryManager */,
				5C8EAE21236EE3B5000E6D70 /* EngineController */,
				5C0F7F57239420E5009D87A2 /* PumpCalibrator */,
				5C9D06BF23677448007469EB /* PumpController.h */,
				5C9D06BE23677448007469EB /* PumpController.cpp */,
			);
			path = PumpController;
			sourceTree = "<group>";
		};
		5C8EAE24236EE4EC000E6D70 /* PumpController */ = {
			isa = PBXGroup;
			children = (
				5C46A4612366121C003D90B1 /* Definitions.h */,
				5C8EAE23236EE4D9000E6D70 /* LoopInterface.h */,
				5C2A2BA5237F22420041914E /* KeyPressable.h */,
				5CAFC7572378665A00F01130 /* MenuController */,
				5C8EAE22236EE3C0000E6D70 /* PumpController */,
				5C8EAE20236EE3A5000E6D70 /* Processor */,
				5C8EAE1F236EE392000E6D70 /* KeyboardManager */,
			);
			path = PumpController;
			sourceTree = "<group>";
		};
		5CAFC7572378665A00F01130 /* MenuController */ = {
			isa = PBXGroup;
			children = (
				5CAFC7552378665600F01130 /* MenuController.h */,
				5CAFC7542378665600F01130 /* MenuController.cpp */,
			);
			path = MenuController;
			sourceTree = "<group>";
		};
/* End PBXGroup section */

/* Begin PBXNativeTarget section */
		5C46A4432365E195003D90B1 /* ArduinoPumpCpp */ = {
			isa = PBXNativeTarget;
			buildConfigurationList = 5C46A44B2365E195003D90B1 /* Build configuration list for PBXNativeTarget "ArduinoPumpCpp" */;
			buildPhases = (
				5C46A4402365E195003D90B1 /* Sources */,
				5C46A4412365E195003D90B1 /* Frameworks */,
				5C46A4422365E195003D90B1 /* CopyFiles */,
			);
			buildRules = (
			);
			dependencies = (
			);
			name = ArduinoPumpCpp;
			productName = ArduinoPumbCpp;
			productReference = 5C46A4442365E195003D90B1 /* ArduinoPumpCpp */;
			productType = "com.apple.product-type.tool";
		};
/* End PBXNativeTarget section */

/* Begin PBXProject section */
		5C46A43C2365E195003D90B1 /* Project object */ = {
			isa = PBXProject;
			attributes = {
				LastUpgradeCheck = 1020;
				ORGANIZATIONNAME = azhuk;
				TargetAttributes = {
					5C46A4432365E195003D90B1 = {
						CreatedOnToolsVersion = 10.2.1;
					};
				};
			};
			buildConfigurationList = 5C46A43F2365E195003D90B1 /* Build configuration list for PBXProject "ArduinoPumpCpp" */;
			compatibilityVersion = "Xcode 9.3";
			developmentRegion = en;
			hasScannedForEncodings = 0;
			knownRegions = (
				en,
			);
			mainGroup = 5C46A43B2365E195003D90B1;
			productRefGroup = 5C46A4452365E195003D90B1 /* Products */;
			projectDirPath = "";
			projectRoot = "";
			targets = (
				5C46A4432365E195003D90B1 /* ArduinoPumpCpp */,
			);
		};
/* End PBXProject section */

/* Begin PBXSourcesBuildPhase section */
		5C46A4402365E195003D90B1 /* Sources */ = {
			isa = PBXSourcesBuildPhase;
			buildActionMask = 2147483647;
			files = (
				5C8EAE1E236EE388000E6D70 /* KeyboardManager.cpp in Sources */,
				5C46A4602365F37E003D90B1 /* LiquidCrystal.cpp in Sources */,
				5C46A45F2365F37E003D90B1 /* Wire.cpp in Sources */,
				5C46A46723662F1F003D90B1 /* Arduino.cpp in Sources */,
				5C9D06C023677448007469EB /* PumpController.cpp in Sources */,
				5C46A4482365E195003D90B1 /* main.cpp in Sources */,
				5CAFC7562378665600F01130 /* MenuController.cpp in Sources */,
				5C46A4562365E518003D90B1 /* I2CMemoryManager.cpp in Sources */,
				5C9D06C3236786CC007469EB /* Orchestrator.cpp in Sources */,
				5C0F7F55239420B6009D87A2 /* PumpCalibrator.cpp in Sources */,
				5C46A46523662ADC003D90B1 /* EngineController.cpp in Sources */,
			);
			runOnlyForDeploymentPostprocessing = 0;
		};
/* End PBXSourcesBuildPhase section */

/* Begin XCBuildConfiguration section */
		5C46A4492365E195003D90B1 /* Debug */ = {
			isa = XCBuildConfiguration;
			buildSettings = {
				ALWAYS_SEARCH_USER_PATHS = NO;
				CLANG_ANALYZER_NONNULL = YES;
				CLANG_ANALYZER_NUMBER_OBJECT_CONVERSION = YES_AGGRESSIVE;
				CLANG_CXX_LANGUAGE_STANDARD = "gnu++14";
				CLANG_CXX_LIBRARY = "libc++";
				CLANG_ENABLE_MODULES = YES;
				CLANG_ENABLE_OBJC_ARC = YES;
				CLANG_ENABLE_OBJC_WEAK = YES;
				CLANG_WARN_BLOCK_CAPTURE_AUTORELEASING = YES;
				CLANG_WARN_BOOL_CONVERSION = YES;
				CLANG_WARN_COMMA = YES;
				CLANG_WARN_CONSTANT_CONVERSION = YES;
				CLANG_WARN_DEPRECATED_OBJC_IMPLEMENTATIONS = YES;
				CLANG_WARN_DIRECT_OBJC_ISA_USAGE = YES_ERROR;
				CLANG_WARN_DOCUMENTATION_COMMENTS = YES;
				CLANG_WARN_EMPTY_BODY = YES;
				CLANG_WARN_ENUM_CONVERSION = YES;
				CLANG_WARN_INFINITE_RECURSION = YES;
				CLANG_WARN_INT_CONVERSION = YES;
				CLANG_WARN_NON_LITERAL_NULL_CONVERSION = YES;
				CLANG_WARN_OBJC_IMPLICIT_RETAIN_SELF = YES;
				CLANG_WARN_OBJC_LITERAL_CONVERSION = YES;
				CLANG_WARN_OBJC_ROOT_CLASS = YES_ERROR;
				CLANG_WARN_RANGE_LOOP_ANALYSIS = YES;
				CLANG_WARN_STRICT_PROTOTYPES = YES;
				CLANG_WARN_SUSPICIOUS_MOVE = YES;
				CLANG_WARN_UNGUARDED_AVAILABILITY = YES_AGGRESSIVE;
				CLANG_WARN_UNREACHABLE_CODE = YES;
				CLANG_WARN__DUPLICATE_METHOD_MATCH = YES;
				CODE_SIGN_IDENTITY = "Mac Developer";
				COPY_PHASE_STRIP = NO;
				DEBUG_INFORMATION_FORMAT = dwarf;
				ENABLE_STRICT_OBJC_MSGSEND = YES;
				ENABLE_TESTABILITY = YES;
				GCC_C_LANGUAGE_STANDARD = gnu11;
				GCC_DYNAMIC_NO_PIC = NO;
				GCC_NO_COMMON_BLOCKS = YES;
				GCC_OPTIMIZATION_LEVEL = 0;
				GCC_PREPROCESSOR_DEFINITIONS = (
					"DEBUG=1",
					"$(inherited)",
				);
				GCC_WARN_64_TO_32_BIT_CONVERSION = YES;
				GCC_WARN_ABOUT_RETURN_TYPE = YES_ERROR;
				GCC_WARN_UNDECLARED_SELECTOR = YES;
				GCC_WARN_UNINITIALIZED_AUTOS = YES_AGGRESSIVE;
				GCC_WARN_UNUSED_FUNCTION = YES;
				GCC_WARN_UNUSED_VARIABLE = YES;
				MACOSX_DEPLOYMENT_TARGET = 10.14;
				MTL_ENABLE_DEBUG_INFO = INCLUDE_SOURCE;
				MTL_FAST_MATH = YES;
				ONLY_ACTIVE_ARCH = YES;
				SDKROOT = macosx;
			};
			name = Debug;
		};
		5C46A44A2365E195003D90B1 /* Release */ = {
			isa = XCBuildConfiguration;
			buildSettings = {
				ALWAYS_SEARCH_USER_PATHS = NO;
				CLANG_ANALYZER_NONNULL = YES;
				CLANG_ANALYZER_NUMBER_OBJECT_CONVERSION = YES_AGGRESSIVE;
				CLANG_CXX_LANGUAGE_STANDARD = "gnu++14";
				CLANG_CXX_LIBRARY = "libc++";
				CLANG_ENABLE_MODULES = YES;
				CLANG_ENABLE_OBJC_ARC = YES;
				CLANG_ENABLE_OBJC_WEAK = YES;
				CLANG_WARN_BLOCK_CAPTURE_AUTORELEASING = YES;
				CLANG_WARN_BOOL_CONVERSION = YES;
				CLANG_WARN_COMMA = YES;
				CLANG_WARN_CONSTANT_CONVERSION = YES;
				CLANG_WARN_DEPRECATED_OBJC_IMPLEMENTATIONS = YES;
				CLANG_WARN_DIRECT_OBJC_ISA_USAGE = YES_ERROR;
				CLANG_WARN_DOCUMENTATION_COMMENTS = YES;
				CLANG_WARN_EMPTY_BODY = YES;
				CLANG_WARN_ENUM_CONVERSION = YES;
				CLANG_WARN_INFINITE_RECURSION = YES;
				CLANG_WARN_INT_CONVERSION = YES;
				CLANG_WARN_NON_LITERAL_NULL_CONVERSION = YES;
				CLANG_WARN_OBJC_IMPLICIT_RETAIN_SELF = YES;
				CLANG_WARN_OBJC_LITERAL_CONVERSION = YES;
				CLANG_WARN_OBJC_ROOT_CLASS = YES_ERROR;
				CLANG_WARN_RANGE_LOOP_ANALYSIS = YES;
				CLANG_WARN_STRICT_PROTOTYPES = YES;
				CLANG_WARN_SUSPICIOUS_MOVE = YES;
				CLANG_WARN_UNGUARDED_AVAILABILITY = YES_AGGRESSIVE;
				CLANG_WARN_UNREACHABLE_CODE = YES;
				CLANG_WARN__DUPLICATE_METHOD_MATCH = YES;
				CODE_SIGN_IDENTITY = "Mac Developer";
				COPY_PHASE_STRIP = NO;
				DEBUG_INFORMATION_FORMAT = "dwarf-with-dsym";
				ENABLE_NS_ASSERTIONS = NO;
				ENABLE_STRICT_OBJC_MSGSEND = YES;
				GCC_C_LANGUAGE_STANDARD = gnu11;
				GCC_NO_COMMON_BLOCKS = YES;
				GCC_WARN_64_TO_32_BIT_CONVERSION = YES;
				GCC_WARN_ABOUT_RETURN_TYPE = YES_ERROR;
				GCC_WARN_UNDECLARED_SELECTOR = YES;
				GCC_WARN_UNINITIALIZED_AUTOS = YES_AGGRESSIVE;
				GCC_WARN_UNUSED_FUNCTION = YES;
				GCC_WARN_UNUSED_VARIABLE = YES;
				MACOSX_DEPLOYMENT_TARGET = 10.14;
				MTL_ENABLE_DEBUG_INFO = NO;
				MTL_FAST_MATH = YES;
				SDKROOT = macosx;
			};
			name = Release;
		};
		5C46A44C2365E195003D90B1 /* Debug */ = {
			isa = XCBuildConfiguration;
			buildSettings = {
				CODE_SIGN_STYLE = Automatic;
				DEVELOPMENT_TEAM = X2AQQ3DS83;
				PRODUCT_NAME = "$(TARGET_NAME)";
			};
			name = Debug;
		};
		5C46A44D2365E195003D90B1 /* Release */ = {
			isa = XCBuildConfiguration;
			buildSettings = {
				CODE_SIGN_STYLE = Automatic;
				DEVELOPMENT_TEAM = X2AQQ3DS83;
				PRODUCT_NAME = "$(TARGET_NAME)";
			};
			name = Release;
		};
/* End XCBuildConfiguration section */

/* Begin XCConfigurationList section */
		5C46A43F2365E195003D90B1 /* Build configuration list for PBXProject "ArduinoPumpCpp" */ = {
			isa = XCConfigurationList;
			buildConfigurations = (
				5C46A4492365E195003D90B1 /* Debug */,
				5C46A44A2365E195003D90B1 /* Release */,
			);
			defaultConfigurationIsVisible = 0;
			defaultConfigurationName = Release;
		};
		5C46A44B2365E195003D90B1 /* Build configuration list for PBXNativeTarget "ArduinoPumpCpp" */ = {
			isa = XCConfigurationList;
			buildConfigurations = (
				5C46A44C2365E195003D90B1 /* Debug */,
				5C46A44D2365E195003D90B1 /* Release */,
			);
			defaultConfigurationIsVisible = 0;
			defaultConfigurationName = Release;
		};
/* End XCConfigurationList section */
	};
	rootObject = 5C46A43C2365E195003D90B1 /* Project object */;
}
